
Microsoft Visual Studio Solution File, Format Version 12.00
# Visual Studio Version 17
VisualStudioVersion = 17.7.34031.279
MinimumVisualStudioVersion = 10.0.40219.1
Project("{FAE04EC0-301F-11D3-BF4B-00C04F79EFBC}") = "EmployeManagementAPI", "EmployeManagementAPI.csproj", "{65BF0B1A-28A1-41B0-A32F-CE4B68B277BC}"
EndProject
Global
	GlobalSection(SolutionConfigurationPlatforms) = preSolution
		Debug|Any CPU = Debug|Any CPU
		Release|Any CPU = Release|Any CPU
	EndGlobalSection
	GlobalSection(ProjectConfigurationPlatforms) = postSolution
		{65BF0B1A-28A1-41B0-A32F-CE4B68B277BC}.Debug|Any CPU.ActiveCfg = Debug|Any CPU
		{65BF0B1A-28A1-41B0-A32F-CE4B68B277BC}.Debug|Any CPU.Build.0 = Debug|Any CPU
		{65BF0B1A-28A1-41B0-A32F-CE4B68B277BC}.Release|Any CPU.ActiveCfg = Release|Any CPU
		{65BF0B1A-28A1-41B0-A32F-CE4B68B277BC}.Release|Any CPU.Build.0 = Release|Any CPU
	EndGlobalSection
	GlobalSection(SolutionProperties) = preSolution
		HideSolutionNode = FALSE
	EndGlobalSection
	GlobalSection(ExtensibilityGlobals) = postSolution
		SolutionGuid = {1DA33A80-E95C-4E99-93FA-9C9322B8B11F}
	EndGlobalSection
EndGlobal
